
Microsoft Visual Studio Solution File, Format Version 12.00
# Visual Studio 2013
VisualStudioVersion = 12.0.31101.0
MinimumVisualStudioVersion = 10.0.40219.1
Project("{8BC9CEB8-8B4A-11D0-8D11-00A0C91BC942}") = "ClrProfiler", "ClrProfiler\ClrProfiler.vcxproj", "{23FA06AF-BC54-44FE-89DB-7BF042285B7F}"
EndProject
Project("{8BC9CEB8-8B4A-11D0-8D11-00A0C91BC942}") = "ClrProfilerPS", "ClrProfiler\ClrProfilerPS.vcxproj", "{3CB67425-5AB0-4892-8033-2EEF515C0922}"
	ProjectSection(ProjectDependencies) = postProject
		{23FA06AF-BC54-44FE-89DB-7BF042285B7F} = {23FA06AF-BC54-44FE-89DB-7BF042285B7F}
	EndProjectSection
EndProject
Project("{FAE04EC0-301F-11D3-BF4B-00C04F79EFBC}") = "TestApplication", "TestApplication\TestApplication.csproj", "{738766C1-E62B-46D7-AFF9-05B186737CB6}"
EndProject
Project("{FAE04EC0-301F-11D3-BF4B-00C04F79EFBC}") = "ConsoleLauncher", "ConsoleLauncher\ConsoleLauncher.csproj", "{6DDDA7F5-59FD-4A72-B309-90185C8EF262}"
EndProject
Global
	GlobalSection(SolutionConfigurationPlatforms) = preSolution
		Debug|Any CPU = Debug|Any CPU
		Debug|Mixed Platforms = Debug|Mixed Platforms
		Debug|Win32 = Debug|Win32
		Debug|x64 = Debug|x64
		Release|Any CPU = Release|Any CPU
		Release|Mixed Platforms = Release|Mixed Platforms
		Release|Win32 = Release|Win32
		Release|x64 = Release|x64
	EndGlobalSection
	GlobalSection(ProjectConfigurationPlatforms) = postSolution
		{23FA06AF-BC54-44FE-89DB-7BF042285B7F}.Debug|Any CPU.ActiveCfg = Debug|Win32
		{23FA06AF-BC54-44FE-89DB-7BF042285B7F}.Debug|Mixed Platforms.ActiveCfg = Debug|Win32
		{23FA06AF-BC54-44FE-89DB-7BF042285B7F}.Debug|Mixed Platforms.Build.0 = Debug|Win32
		{23FA06AF-BC54-44FE-89DB-7BF042285B7F}.Debug|Win32.ActiveCfg = Debug|Win32
		{23FA06AF-BC54-44FE-89DB-7BF042285B7F}.Debug|Win32.Build.0 = Debug|Win32
		{23FA06AF-BC54-44FE-89DB-7BF042285B7F}.Debug|x64.ActiveCfg = Debug|x64
		{23FA06AF-BC54-44FE-89DB-7BF042285B7F}.Debug|x64.Build.0 = Debug|x64
		{23FA06AF-BC54-44FE-89DB-7BF042285B7F}.Release|Any CPU.ActiveCfg = Release|Win32
		{23FA06AF-BC54-44FE-89DB-7BF042285B7F}.Release|Mixed Platforms.ActiveCfg = Release|Win32
		{23FA06AF-BC54-44FE-89DB-7BF042285B7F}.Release|Mixed Platforms.Build.0 = Release|Win32
		{23FA06AF-BC54-44FE-89DB-7BF042285B7F}.Release|Win32.ActiveCfg = Release|Win32
		{23FA06AF-BC54-44FE-89DB-7BF042285B7F}.Release|Win32.Build.0 = Release|Win32
		{23FA06AF-BC54-44FE-89DB-7BF042285B7F}.Release|x64.ActiveCfg = Release|x64
		{23FA06AF-BC54-44FE-89DB-7BF042285B7F}.Release|x64.Build.0 = Release|x64
		{3CB67425-5AB0-4892-8033-2EEF515C0922}.Debug|Any CPU.ActiveCfg = Debug|Win32
		{3CB67425-5AB0-4892-8033-2EEF515C0922}.Debug|Mixed Platforms.ActiveCfg = Debug|Win32
		{3CB67425-5AB0-4892-8033-2EEF515C0922}.Debug|Mixed Platforms.Build.0 = Debug|Win32
		{3CB67425-5AB0-4892-8033-2EEF515C0922}.Debug|Win32.ActiveCfg = Debug|Win32
		{3CB67425-5AB0-4892-8033-2EEF515C0922}.Debug|x64.ActiveCfg = Debug|x64
		{3CB67425-5AB0-4892-8033-2EEF515C0922}.Release|Any CPU.ActiveCfg = Release|Win32
		{3CB67425-5AB0-4892-8033-2EEF515C0922}.Release|Mixed Platforms.ActiveCfg = Release|Win32
		{3CB67425-5AB0-4892-8033-2EEF515C0922}.Release|Mixed Platforms.Build.0 = Release|Win32
		{3CB67425-5AB0-4892-8033-2EEF515C0922}.Release|Win32.ActiveCfg = Release|Win32
		{3CB67425-5AB0-4892-8033-2EEF515C0922}.Release|x64.ActiveCfg = Release|x64
		{3CB67425-5AB0-4892-8033-2EEF515C0922}.Release|x64.Build.0 = Release|x64
		{738766C1-E62B-46D7-AFF9-05B186737CB6}.Debug|Any CPU.ActiveCfg = Debug|Any CPU
		{738766C1-E62B-46D7-AFF9-05B186737CB6}.Debug|Any CPU.Build.0 = Debug|Any CPU
		{738766C1-E62B-46D7-AFF9-05B186737CB6}.Debug|Mixed Platforms.ActiveCfg = Debug|Any CPU
		{738766C1-E62B-46D7-AFF9-05B186737CB6}.Debug|Mixed Platforms.Build.0 = Debug|Any CPU
		{738766C1-E62B-46D7-AFF9-05B186737CB6}.Debug|Win32.ActiveCfg = Debug|Any CPU
		{738766C1-E62B-46D7-AFF9-05B186737CB6}.Debug|x64.ActiveCfg = Debug|Any CPU
		{738766C1-E62B-46D7-AFF9-05B186737CB6}.Debug|x64.Build.0 = Debug|Any CPU
		{738766C1-E62B-46D7-AFF9-05B186737CB6}.Release|Any CPU.ActiveCfg = Release|Any CPU
		{738766C1-E62B-46D7-AFF9-05B186737CB6}.Release|Any CPU.Build.0 = Release|Any CPU
		{738766C1-E62B-46D7-AFF9-05B186737CB6}.Release|Mixed Platforms.ActiveCfg = Release|Any CPU
		{738766C1-E62B-46D7-AFF9-05B186737CB6}.Release|Mixed Platforms.Build.0 = Release|Any CPU
		{738766C1-E62B-46D7-AFF9-05B186737CB6}.Release|Win32.ActiveCfg = Release|Any CPU
		{738766C1-E62B-46D7-AFF9-05B186737CB6}.Release|x64.ActiveCfg = Release|Any CPU
		{6DDDA7F5-59FD-4A72-B309-90185C8EF262}.Debug|Any CPU.ActiveCfg = Debug|Any CPU
		{6DDDA7F5-59FD-4A72-B309-90185C8EF262}.Debug|Any CPU.Build.0 = Debug|Any CPU
		{6DDDA7F5-59FD-4A72-B309-90185C8EF262}.Debug|Mixed Platforms.ActiveCfg = Debug|Any CPU
		{6DDDA7F5-59FD-4A72-B309-90185C8EF262}.Debug|Mixed Platforms.Build.0 = Debug|Any CPU
		{6DDDA7F5-59FD-4A72-B309-90185C8EF262}.Debug|Win32.ActiveCfg = Debug|Any CPU
		{6DDDA7F5-59FD-4A72-B309-90185C8EF262}.Debug|x64.ActiveCfg = Debug|Any CPU
		{6DDDA7F5-59FD-4A72-B309-90185C8EF262}.Debug|x64.Build.0 = Debug|Any CPU
		{6DDDA7F5-59FD-4A72-B309-90185C8EF262}.Release|Any CPU.ActiveCfg = Release|Any CPU
		{6DDDA7F5-59FD-4A72-B309-90185C8EF262}.Release|Any CPU.Build.0 = Release|Any CPU
		{6DDDA7F5-59FD-4A72-B309-90185C8EF262}.Release|Mixed Platforms.ActiveCfg = Release|Any CPU
		{6DDDA7F5-59FD-4A72-B309-90185C8EF262}.Release|Mixed Platforms.Build.0 = Release|Any CPU
		{6DDDA7F5-59FD-4A72-B309-90185C8EF262}.Release|Win32.ActiveCfg = Release|Any CPU
		{6DDDA7F5-59FD-4A72-B309-90185C8EF262}.Release|x64.ActiveCfg = Release|Any CPU
	EndGlobalSection
	GlobalSection(SolutionProperties) = preSolution
		HideSolutionNode = FALSE
	EndGlobalSection
EndGlobal
