
Microsoft Visual Studio Solution File, Format Version 12.00
# Visual Studio 15
VisualStudioVersion = 15.0.27004.2006
MinimumVisualStudioVersion = 10.0.40219.1
Project("{8BC9CEB8-8B4A-11D0-8D11-00A0C91BC942}") = "ClrProfiler", "ClrProfiler\ClrProfiler.vcxproj", "{23FA06AF-BC54-44FE-89DB-7BF042285B7F}"
EndProject
Project("{8BC9CEB8-8B4A-11D0-8D11-00A0C91BC942}") = "ClrProfilerPS", "ClrProfiler\ClrProfilerPS.vcxproj", "{3CB67425-5AB0-4892-8033-2EEF515C0922}"
	ProjectSection(ProjectDependencies) = postProject
		{23FA06AF-BC54-44FE-89DB-7BF042285B7F} = {23FA06AF-BC54-44FE-89DB-7BF042285B7F}
	EndProjectSection
EndProject
Project("{FAE04EC0-301F-11D3-BF4B-00C04F79EFBC}") = "TestApplication", "TestApplication\TestApplication.csproj", "{738766C1-E62B-46D7-AFF9-05B186737CB6}"
EndProject
Project("{FAE04EC0-301F-11D3-BF4B-00C04F79EFBC}") = "ConsoleLauncher", "ConsoleLauncher\ConsoleLauncher.csproj", "{6DDDA7F5-59FD-4A72-B309-90185C8EF262}"
EndProject
Project("{8BC9CEB8-8B4A-11D0-8D11-00A0C91BC942}") = "ClrProfilerTest", "ClrProfilerTest\ClrProfilerTest.vcxproj", "{66C8DA8F-0A2C-4B2C-84AC-7DDEFF82C95B}"
EndProject
Project("{2150E333-8FDC-42A3-9474-1A3956D46DE8}") = "Solution Items", "Solution Items", "{F38D131B-0C54-4CAA-9215-52C0B7372BD4}"
	ProjectSection(SolutionItems) = preProject
		.gitignore = .gitignore
	EndProjectSection
EndProject
Project("{8BC9CEB8-8B4A-11D0-8D11-00A0C91BC942}") = "DotNetProfiler", "DotNetProfiler\DotNetProfiler.vcxproj", "{936446E6-17DE-492D-9046-25B1B321E91D}"
EndProject
Project("{8BC9CEB8-8B4A-11D0-8D11-00A0C91BC942}") = "DotNetProfilerPS", "DotNetProfiler\DotNetProfilerPS.vcxproj", "{1B046185-1983-49BC-87EB-D025A77D6CDE}"
	ProjectSection(ProjectDependencies) = postProject
		{936446E6-17DE-492D-9046-25B1B321E91D} = {936446E6-17DE-492D-9046-25B1B321E91D}
	EndProjectSection
EndProject
Global
	GlobalSection(SolutionConfigurationPlatforms) = preSolution
		Debug|Any CPU = Debug|Any CPU
		Debug|Mixed Platforms = Debug|Mixed Platforms
		Debug|Win32 = Debug|Win32
		Debug|x64 = Debug|x64
		Release|Any CPU = Release|Any CPU
		Release|Mixed Platforms = Release|Mixed Platforms
		Release|Win32 = Release|Win32
		Release|x64 = Release|x64
	EndGlobalSection
	GlobalSection(ProjectConfigurationPlatforms) = postSolution
		{23FA06AF-BC54-44FE-89DB-7BF042285B7F}.Debug|Any CPU.ActiveCfg = Debug|Win32
		{23FA06AF-BC54-44FE-89DB-7BF042285B7F}.Debug|Mixed Platforms.ActiveCfg = Debug|x64
		{23FA06AF-BC54-44FE-89DB-7BF042285B7F}.Debug|Win32.ActiveCfg = Debug|Win32
		{23FA06AF-BC54-44FE-89DB-7BF042285B7F}.Debug|x64.ActiveCfg = Debug|x64
		{23FA06AF-BC54-44FE-89DB-7BF042285B7F}.Release|Any CPU.ActiveCfg = Release|Win32
		{23FA06AF-BC54-44FE-89DB-7BF042285B7F}.Release|Mixed Platforms.ActiveCfg = Release|Win32
		{23FA06AF-BC54-44FE-89DB-7BF042285B7F}.Release|Mixed Platforms.Build.0 = Release|Win32
		{23FA06AF-BC54-44FE-89DB-7BF042285B7F}.Release|Win32.ActiveCfg = Release|Win32
		{23FA06AF-BC54-44FE-89DB-7BF042285B7F}.Release|Win32.Build.0 = Release|Win32
		{23FA06AF-BC54-44FE-89DB-7BF042285B7F}.Release|x64.ActiveCfg = Release|x64
		{23FA06AF-BC54-44FE-89DB-7BF042285B7F}.Release|x64.Build.0 = Release|x64
		{3CB67425-5AB0-4892-8033-2EEF515C0922}.Debug|Any CPU.ActiveCfg = Debug|Win32
		{3CB67425-5AB0-4892-8033-2EEF515C0922}.Debug|Mixed Platforms.ActiveCfg = Debug|x64
		{3CB67425-5AB0-4892-8033-2EEF515C0922}.Debug|Win32.ActiveCfg = Debug|Win32
		{3CB67425-5AB0-4892-8033-2EEF515C0922}.Debug|x64.ActiveCfg = Debug|x64
		{3CB67425-5AB0-4892-8033-2EEF515C0922}.Release|Any CPU.ActiveCfg = Release|Win32
		{3CB67425-5AB0-4892-8033-2EEF515C0922}.Release|Mixed Platforms.ActiveCfg = Release|Win32
		{3CB67425-5AB0-4892-8033-2EEF515C0922}.Release|Mixed Platforms.Build.0 = Release|Win32
		{3CB67425-5AB0-4892-8033-2EEF515C0922}.Release|Win32.ActiveCfg = Release|Win32
		{3CB67425-5AB0-4892-8033-2EEF515C0922}.Release|x64.ActiveCfg = Release|x64
		{3CB67425-5AB0-4892-8033-2EEF515C0922}.Release|x64.Build.0 = Release|x64
		{738766C1-E62B-46D7-AFF9-05B186737CB6}.Debug|Any CPU.ActiveCfg = Debug|Any CPU
		{738766C1-E62B-46D7-AFF9-05B186737CB6}.Debug|Any CPU.Build.0 = Debug|Any CPU
		{738766C1-E62B-46D7-AFF9-05B186737CB6}.Debug|Mixed Platforms.ActiveCfg = Debug|Any CPU
		{738766C1-E62B-46D7-AFF9-05B186737CB6}.Debug|Mixed Platforms.Build.0 = Debug|Any CPU
		{738766C1-E62B-46D7-AFF9-05B186737CB6}.Debug|Win32.ActiveCfg = Debug|x86
		{738766C1-E62B-46D7-AFF9-05B186737CB6}.Debug|Win32.Build.0 = Debug|x86
		{738766C1-E62B-46D7-AFF9-05B186737CB6}.Debug|x64.ActiveCfg = Debug|x64
		{738766C1-E62B-46D7-AFF9-05B186737CB6}.Debug|x64.Build.0 = Debug|x64
		{738766C1-E62B-46D7-AFF9-05B186737CB6}.Release|Any CPU.ActiveCfg = Release|Any CPU
		{738766C1-E62B-46D7-AFF9-05B186737CB6}.Release|Any CPU.Build.0 = Release|Any CPU
		{738766C1-E62B-46D7-AFF9-05B186737CB6}.Release|Mixed Platforms.ActiveCfg = Release|Any CPU
		{738766C1-E62B-46D7-AFF9-05B186737CB6}.Release|Mixed Platforms.Build.0 = Release|Any CPU
		{738766C1-E62B-46D7-AFF9-05B186737CB6}.Release|Win32.ActiveCfg = Release|Any CPU
		{738766C1-E62B-46D7-AFF9-05B186737CB6}.Release|x64.ActiveCfg = Release|Any CPU
		{738766C1-E62B-46D7-AFF9-05B186737CB6}.Release|x64.Build.0 = Release|Any CPU
		{6DDDA7F5-59FD-4A72-B309-90185C8EF262}.Debug|Any CPU.ActiveCfg = Debug|Any CPU
		{6DDDA7F5-59FD-4A72-B309-90185C8EF262}.Debug|Any CPU.Build.0 = Debug|Any CPU
		{6DDDA7F5-59FD-4A72-B309-90185C8EF262}.Debug|Mixed Platforms.ActiveCfg = Debug|Any CPU
		{6DDDA7F5-59FD-4A72-B309-90185C8EF262}.Debug|Mixed Platforms.Build.0 = Debug|Any CPU
		{6DDDA7F5-59FD-4A72-B309-90185C8EF262}.Debug|Win32.ActiveCfg = Debug|x86
		{6DDDA7F5-59FD-4A72-B309-90185C8EF262}.Debug|Win32.Build.0 = Debug|x86
		{6DDDA7F5-59FD-4A72-B309-90185C8EF262}.Debug|x64.ActiveCfg = Debug|x64
		{6DDDA7F5-59FD-4A72-B309-90185C8EF262}.Debug|x64.Build.0 = Debug|x64
		{6DDDA7F5-59FD-4A72-B309-90185C8EF262}.Release|Any CPU.ActiveCfg = Release|Any CPU
		{6DDDA7F5-59FD-4A72-B309-90185C8EF262}.Release|Any CPU.Build.0 = Release|Any CPU
		{6DDDA7F5-59FD-4A72-B309-90185C8EF262}.Release|Mixed Platforms.ActiveCfg = Release|Any CPU
		{6DDDA7F5-59FD-4A72-B309-90185C8EF262}.Release|Mixed Platforms.Build.0 = Release|Any CPU
		{6DDDA7F5-59FD-4A72-B309-90185C8EF262}.Release|Win32.ActiveCfg = Release|Any CPU
		{6DDDA7F5-59FD-4A72-B309-90185C8EF262}.Release|x64.ActiveCfg = Release|Any CPU
		{6DDDA7F5-59FD-4A72-B309-90185C8EF262}.Release|x64.Build.0 = Release|Any CPU
		{66C8DA8F-0A2C-4B2C-84AC-7DDEFF82C95B}.Debug|Any CPU.ActiveCfg = Debug|Win32
		{66C8DA8F-0A2C-4B2C-84AC-7DDEFF82C95B}.Debug|Mixed Platforms.ActiveCfg = Debug|x64
		{66C8DA8F-0A2C-4B2C-84AC-7DDEFF82C95B}.Debug|Win32.ActiveCfg = Debug|Win32
		{66C8DA8F-0A2C-4B2C-84AC-7DDEFF82C95B}.Debug|x64.ActiveCfg = Debug|x64
		{66C8DA8F-0A2C-4B2C-84AC-7DDEFF82C95B}.Release|Any CPU.ActiveCfg = Release|Win32
		{66C8DA8F-0A2C-4B2C-84AC-7DDEFF82C95B}.Release|Mixed Platforms.ActiveCfg = Release|Win32
		{66C8DA8F-0A2C-4B2C-84AC-7DDEFF82C95B}.Release|Mixed Platforms.Build.0 = Release|Win32
		{66C8DA8F-0A2C-4B2C-84AC-7DDEFF82C95B}.Release|Win32.ActiveCfg = Release|Win32
		{66C8DA8F-0A2C-4B2C-84AC-7DDEFF82C95B}.Release|Win32.Build.0 = Release|Win32
		{66C8DA8F-0A2C-4B2C-84AC-7DDEFF82C95B}.Release|x64.ActiveCfg = Release|Win32
		{936446E6-17DE-492D-9046-25B1B321E91D}.Debug|Any CPU.ActiveCfg = Debug|Win32
		{936446E6-17DE-492D-9046-25B1B321E91D}.Debug|Mixed Platforms.ActiveCfg = Debug|Win32
		{936446E6-17DE-492D-9046-25B1B321E91D}.Debug|Mixed Platforms.Build.0 = Debug|Win32
		{936446E6-17DE-492D-9046-25B1B321E91D}.Debug|Win32.ActiveCfg = Debug|Win32
		{936446E6-17DE-492D-9046-25B1B321E91D}.Debug|Win32.Build.0 = Debug|Win32
		{936446E6-17DE-492D-9046-25B1B321E91D}.Debug|x64.ActiveCfg = Debug|x64
		{936446E6-17DE-492D-9046-25B1B321E91D}.Debug|x64.Build.0 = Debug|x64
		{936446E6-17DE-492D-9046-25B1B321E91D}.Release|Any CPU.ActiveCfg = Release|Win32
		{936446E6-17DE-492D-9046-25B1B321E91D}.Release|Mixed Platforms.ActiveCfg = Release|Win32
		{936446E6-17DE-492D-9046-25B1B321E91D}.Release|Mixed Platforms.Build.0 = Release|Win32
		{936446E6-17DE-492D-9046-25B1B321E91D}.Release|Win32.ActiveCfg = Release|Win32
		{936446E6-17DE-492D-9046-25B1B321E91D}.Release|Win32.Build.0 = Release|Win32
		{936446E6-17DE-492D-9046-25B1B321E91D}.Release|x64.ActiveCfg = Release|x64
		{936446E6-17DE-492D-9046-25B1B321E91D}.Release|x64.Build.0 = Release|x64
		{1B046185-1983-49BC-87EB-D025A77D6CDE}.Debug|Any CPU.ActiveCfg = Debug|Win32
		{1B046185-1983-49BC-87EB-D025A77D6CDE}.Debug|Mixed Platforms.ActiveCfg = Debug|Win32
		{1B046185-1983-49BC-87EB-D025A77D6CDE}.Debug|Win32.ActiveCfg = Debug|Win32
		{1B046185-1983-49BC-87EB-D025A77D6CDE}.Debug|x64.ActiveCfg = Debug|x64
		{1B046185-1983-49BC-87EB-D025A77D6CDE}.Release|Any CPU.ActiveCfg = Release|Win32
		{1B046185-1983-49BC-87EB-D025A77D6CDE}.Release|Mixed Platforms.ActiveCfg = Release|Win32
		{1B046185-1983-49BC-87EB-D025A77D6CDE}.Release|Win32.ActiveCfg = Release|Win32
		{1B046185-1983-49BC-87EB-D025A77D6CDE}.Release|x64.ActiveCfg = Release|x64
	EndGlobalSection
	GlobalSection(SolutionProperties) = preSolution
		HideSolutionNode = FALSE
	EndGlobalSection
	GlobalSection(ExtensibilityGlobals) = postSolution
		SolutionGuid = {E33AD280-2A89-4E7A-BCFF-97695502CDE2}
	EndGlobalSection
EndGlobal
