<?xml version="1.0" encoding="utf-8"?>
<Project ToolsVersion="4.0" xmlns="http://schemas.microsoft.com/developer/msbuild/2003">
  <ItemGroup>
    <Filter Include="Source Files">
      <UniqueIdentifier>{95ed2f0d-ab88-48ef-ba0b-a3e839e95a3a}</UniqueIdentifier>
    </Filter>
    <Filter Include="Generated Files">
      <UniqueIdentifier>{22f51019-89c5-4a8b-800d-0db882625cea}</UniqueIdentifier>
      <SourceControlFiles>False</SourceControlFiles>
    </Filter>
  </ItemGroup>
  <ItemGroup>
    <None Include="ClrProfilerps.def" />
  </ItemGroup>
  <ItemGroup>
    <ClCompile Include="ClrProfiler_i.c">
      <Filter>Generated Files</Filter>
    </ClCompile>
    <ClCompile Include="ClrProfiler_p.c">
      <Filter>Generated Files</Filter>
    </ClCompile>
    <ClCompile Include="dlldata.c">
      <Filter>Generated Files</Filter>
    </ClCompile>
  </ItemGroup>
</Project>